{
    "_meta": {
        "hash": {
            "sha256": "a0e80621b38c5fa2c6ec78c8aa11ee79c81e160555a5cb7eaa70adeea738b018"
        },
        "pipfile-spec": 6,
        "requires": {
            "python_version": "3.9"
        },
        "sources": [
            {
                "name": "pypi",
                "url": "https://pypi.org/simple",
                "verify_ssl": true
            }
        ]
    },
    "default": {
        "asgiref": {
            "hashes": [
                "sha256:71e68008da809b957b7ee4b43dbccff33d1b23519fb8344e33f049897077afac",
                "sha256:9567dfe7bd8d3c8c892227827c41cce860b368104c3431da67a0c5a65a949506"
            ],
            "markers": "python_version >= '3.7'",
            "version": "==3.6.0"
        },
        "django": {
            "hashes": [
                "sha256:44f714b81c5f190d9d2ddad01a532fe502fa01c4cb8faf1d081f4264ed15dcd8",
                "sha256:f2f431e75adc40039ace496ad3b9f17227022e8b11566f4b363da44c7e44761e"
            ],
            "index": "pypi",
            "version": "==4.1.7"
        },
        "django-phonenumber-field": {
            "hashes": [
                "sha256:9edad2b2602af25f2aefc73c4cf53eaf7abf9e17d73c1c4372bd3052bebb26f9",
                "sha256:de3e47b986b4959949762c16fd8fe26b3e462ef3e5531ed00950bd20c698576a"
            ],
            "index": "pypi",
            "version": "==7.0.2"
        },
        "django-phonenumbers": {
            "hashes": [
                "sha256:cd617e4ee924f6492e0106d738fea619c95f3659e41dbeb97df83c1f3b51f453"
            ],
            "index": "pypi",
            "version": "==1.0.1"
        },
        "phonenumbers": {
            "hashes": [
                "sha256:253bb0e01250d21a11f2b42b3e6e161b7f6cb2ac440e2e2a95c1da71d221ee1a",
                "sha256:d3e3555b38c89b121f5b2e917847003bdd07027569d758d5f40156c01aeac089"
            ],
            "version": "==8.13.7"
        },
        "sqlparse": {
            "hashes": [
                "sha256:0323c0ec29cd52bceabc1b4d9d579e311f3e4961b98d174201d5622a23b85e34",
                "sha256:69ca804846bb114d2ec380e4360a8a340db83f0ccf3afceeb1404df028f57268"
            ],
            "markers": "python_version >= '3.5'",
            "version": "==0.4.3"
        },
        "tzdata": {
            "hashes": [
                "sha256:2b88858b0e3120792a3c0635c23daf36a7d7eeeca657c323da299d2094402a0d",
                "sha256:fe5f866eddd8b96e9fcba978f8e503c909b19ea7efda11e52e39494bad3a7bfa"
            ],
            "markers": "sys_platform == 'win32'",
            "version": "==2022.7"
        }
    },
    "develop": {}
}
